
Microsoft Visual Studio Solution File, Format Version 12.00
# Visual Studio Version 17
VisualStudioVersion = 17.5.002.0
MinimumVisualStudioVersion = 10.0.40219.1
Project("{9A19103F-16F7-4668-BE54-9A1E7A4F7556}") = "Api_Notas_Aluno", "Api_Notas_Aluno.csproj", "{62D86E0B-04D5-4883-9540-6D9AA2B49BE9}"
EndProject
Global
	GlobalSection(SolutionConfigurationPlatforms) = preSolution
		Debug|Any CPU = Debug|Any CPU
		Release|Any CPU = Release|Any CPU
	EndGlobalSection
	GlobalSection(ProjectConfigurationPlatforms) = postSolution
		{62D86E0B-04D5-4883-9540-6D9AA2B49BE9}.Debug|Any CPU.ActiveCfg = Debug|Any CPU
		{62D86E0B-04D5-4883-9540-6D9AA2B49BE9}.Debug|Any CPU.Build.0 = Debug|Any CPU
		{62D86E0B-04D5-4883-9540-6D9AA2B49BE9}.Release|Any CPU.ActiveCfg = Release|Any CPU
		{62D86E0B-04D5-4883-9540-6D9AA2B49BE9}.Release|Any CPU.Build.0 = Release|Any CPU
	EndGlobalSection
	GlobalSection(SolutionProperties) = preSolution
		HideSolutionNode = FALSE
	EndGlobalSection
	GlobalSection(ExtensibilityGlobals) = postSolution
		SolutionGuid = {DEE1F40C-F21D-4046-9263-AA8F1C0E4C83}
	EndGlobalSection
EndGlobal
